
Microsoft Visual Studio Solution File, Format Version 12.00
# Visual Studio Version 17
VisualStudioVersion = 17.9.34622.214
MinimumVisualStudioVersion = 10.0.40219.1
Project("{FAE04EC0-301F-11D3-BF4B-00C04F79EFBC}") = "Tutorial03", "Tutorial03.csproj", "{94374B85-D9E4-4B96-A677-6B1E3F9DC85C}"
EndProject
Global
	GlobalSection(SolutionConfigurationPlatforms) = preSolution
		Debug|Any CPU = Debug|Any CPU
		Release|Any CPU = Release|Any CPU
	EndGlobalSection
	GlobalSection(ProjectConfigurationPlatforms) = postSolution
		{94374B85-D9E4-4B96-A677-6B1E3F9DC85C}.Debug|Any CPU.ActiveCfg = Debug|Any CPU
		{94374B85-D9E4-4B96-A677-6B1E3F9DC85C}.Debug|Any CPU.Build.0 = Debug|Any CPU
		{94374B85-D9E4-4B96-A677-6B1E3F9DC85C}.Release|Any CPU.ActiveCfg = Release|Any CPU
		{94374B85-D9E4-4B96-A677-6B1E3F9DC85C}.Release|Any CPU.Build.0 = Release|Any CPU
	EndGlobalSection
	GlobalSection(SolutionProperties) = preSolution
		HideSolutionNode = FALSE
	EndGlobalSection
	GlobalSection(ExtensibilityGlobals) = postSolution
		SolutionGuid = {8A3CE853-4CA2-4393-8745-724D484E0004}
	EndGlobalSection
EndGlobal
